// !$*UTF8*$!
{
	archiveVersion = 1;
	classes = {
	};
	objectVersion = 56;
	objects = {

/* Begin PBXBuildFile section */
		A76C89BB2A9EA57A00E4F69A /* AppDelegate.swift in Sources */ = {isa = PBXBuildFile; fileRef = A76C89BA2A9EA57A00E4F69A /* AppDelegate.swift */; };
		A76C89BD2A9EA57A00E4F69A /* SceneDelegate.swift in Sources */ = {isa = PBXBuildFile; fileRef = A76C89BC2A9EA57A00E4F69A /* SceneDelegate.swift */; };
		A76C89C52A9EA57A00E4F69A /* PhotoViewer.xcdatamodeld in Sources */ = {isa = PBXBuildFile; fileRef = A76C89C32A9EA57A00E4F69A /* PhotoViewer.xcdatamodeld */; };
		A76C89C72A9EA57B00E4F69A /* Assets.xcassets in Resources */ = {isa = PBXBuildFile; fileRef = A76C89C62A9EA57B00E4F69A /* Assets.xcassets */; };
		A76C89CA2A9EA57B00E4F69A /* LaunchScreen.storyboard in Resources */ = {isa = PBXBuildFile; fileRef = A76C89C82A9EA57B00E4F69A /* LaunchScreen.storyboard */; };
		A76C89D32A9EA5CB00E4F69A /* TabBarController.swift in Sources */ = {isa = PBXBuildFile; fileRef = A76C89D22A9EA5CB00E4F69A /* TabBarController.swift */; };
		A76C89D52A9EA5E600E4F69A /* MainViewController.swift in Sources */ = {isa = PBXBuildFile; fileRef = A76C89D42A9EA5E600E4F69A /* MainViewController.swift */; };
		A76C89D72A9EA5FB00E4F69A /* DetailViewController.swift in Sources */ = {isa = PBXBuildFile; fileRef = A76C89D62A9EA5FB00E4F69A /* DetailViewController.swift */; };
		A76C89D92A9EA61000E4F69A /* FavoriteViewController.swift in Sources */ = {isa = PBXBuildFile; fileRef = A76C89D82A9EA61000E4F69A /* FavoriteViewController.swift */; };
		A76C89DD2A9EA64100E4F69A /* Nuke in Frameworks */ = {isa = PBXBuildFile; productRef = A76C89DC2A9EA64100E4F69A /* Nuke */; };
		A76C89E12A9EA67D00E4F69A /* PhotoCell.swift in Sources */ = {isa = PBXBuildFile; fileRef = A76C89E02A9EA67D00E4F69A /* PhotoCell.swift */; };
		A76C89E42A9EA6C100E4F69A /* Item.swift in Sources */ = {isa = PBXBuildFile; fileRef = A76C89E32A9EA6C100E4F69A /* Item.swift */; };
		A76C89E82A9EA72100E4F69A /* NetworkService.swift in Sources */ = {isa = PBXBuildFile; fileRef = A76C89E72A9EA72100E4F69A /* NetworkService.swift */; };
		A76C89EB2A9EA75D00E4F69A /* PhotoData.swift in Sources */ = {isa = PBXBuildFile; fileRef = A76C89EA2A9EA75D00E4F69A /* PhotoData.swift */; };
/* End PBXBuildFile section */

/* Begin PBXFileReference section */
		A76C89B72A9EA57A00E4F69A /* PhotoViewer.app */ = {isa = PBXFileReference; explicitFileType = wrapper.application; includeInIndex = 0; path = PhotoViewer.app; sourceTree = BUILT_PRODUCTS_DIR; };
		A76C89BA2A9EA57A00E4F69A /* AppDelegate.swift */ = {isa = PBXFileReference; lastKnownFileType = sourcecode.swift; path = AppDelegate.swift; sourceTree = "<group>"; };
		A76C89BC2A9EA57A00E4F69A /* SceneDelegate.swift */ = {isa = PBXFileReference; lastKnownFileType = sourcecode.swift; path = SceneDelegate.swift; sourceTree = "<group>"; };
		A76C89C42A9EA57A00E4F69A /* PhotoViewer.xcdatamodel */ = {isa = PBXFileReference; lastKnownFileType = wrapper.xcdatamodel; path = PhotoViewer.xcdatamodel; sourceTree = "<group>"; };
		A76C89C62A9EA57B00E4F69A /* Assets.xcassets */ = {isa = PBXFileReference; lastKnownFileType = folder.assetcatalog; path = Assets.xcassets; sourceTree = "<group>"; };
		A76C89C92A9EA57B00E4F69A /* Base */ = {isa = PBXFileReference; lastKnownFileType = file.storyboard; name = Base; path = Base.lproj/LaunchScreen.storyboard; sourceTree = "<group>"; };
		A76C89CB2A9EA57B00E4F69A /* Info.plist */ = {isa = PBXFileReference; lastKnownFileType = text.plist.xml; path = Info.plist; sourceTree = "<group>"; };
		A76C89D22A9EA5CB00E4F69A /* TabBarController.swift */ = {isa = PBXFileReference; lastKnownFileType = sourcecode.swift; path = TabBarController.swift; sourceTree = "<group>"; };
		A76C89D42A9EA5E600E4F69A /* MainViewController.swift */ = {isa = PBXFileReference; lastKnownFileType = sourcecode.swift; path = MainViewController.swift; sourceTree = "<group>"; };
		A76C89D62A9EA5FB00E4F69A /* DetailViewController.swift */ = {isa = PBXFileReference; lastKnownFileType = sourcecode.swift; path = DetailViewController.swift; sourceTree = "<group>"; };
		A76C89D82A9EA61000E4F69A /* FavoriteViewController.swift */ = {isa = PBXFileReference; lastKnownFileType = sourcecode.swift; path = FavoriteViewController.swift; sourceTree = "<group>"; };
		A76C89E02A9EA67D00E4F69A /* PhotoCell.swift */ = {isa = PBXFileReference; lastKnownFileType = sourcecode.swift; path = PhotoCell.swift; sourceTree = "<group>"; };
		A76C89E32A9EA6C100E4F69A /* Item.swift */ = {isa = PBXFileReference; lastKnownFileType = sourcecode.swift; path = Item.swift; sourceTree = "<group>"; };
		A76C89E72A9EA72100E4F69A /* NetworkService.swift */ = {isa = PBXFileReference; lastKnownFileType = sourcecode.swift; path = NetworkService.swift; sourceTree = "<group>"; };
		A76C89EA2A9EA75D00E4F69A /* PhotoData.swift */ = {isa = PBXFileReference; lastKnownFileType = sourcecode.swift; path = PhotoData.swift; sourceTree = "<group>"; };
/* End PBXFileReference section */

/* Begin PBXFrameworksBuildPhase section */
		A76C89B42A9EA57A00E4F69A /* Frameworks */ = {
			isa = PBXFrameworksBuildPhase;
			buildActionMask = 2147483647;
			files = (
				A76C89DD2A9EA64100E4F69A /* Nuke in Frameworks */,
			);
			runOnlyForDeploymentPostprocessing = 0;
		};
/* End PBXFrameworksBuildPhase section */

/* Begin PBXGroup section */
		A76C89AE2A9EA57A00E4F69A = {
			isa = PBXGroup;
			children = (
				A76C89B92A9EA57A00E4F69A /* PhotoViewer */,
				A76C89B82A9EA57A00E4F69A /* Products */,
			);
			sourceTree = "<group>";
		};
		A76C89B82A9EA57A00E4F69A /* Products */ = {
			isa = PBXGroup;
			children = (
				A76C89B72A9EA57A00E4F69A /* PhotoViewer.app */,
			);
			name = Products;
			sourceTree = "<group>";
		};
		A76C89B92A9EA57A00E4F69A /* PhotoViewer */ = {
			isa = PBXGroup;
			children = (
				A76C89E62A9EA70800E4F69A /* Networking */,
				A76C89E92A9EA72E00E4F69A /* Models */,
				A76C89D12A9EA5B100E4F69A /* View */,
				A76C89E52A9EA6E000E4F69A /* Extensions */,
				A76C89DA2A9EA61700E4F69A /* General */,
				A76C89CB2A9EA57B00E4F69A /* Info.plist */,
			);
			path = PhotoViewer;
			sourceTree = "<group>";
		};
		A76C89D12A9EA5B100E4F69A /* View */ = {
			isa = PBXGroup;
			children = (
				A76C89E22A9EA69000E4F69A /* Custom */,
				A76C89DF2A9EA66700E4F69A /* Cells */,
				A76C89DE2A9EA66000E4F69A /* Controllers */,
			);
			path = View;
			sourceTree = "<group>";
		};
		A76C89DA2A9EA61700E4F69A /* General */ = {
			isa = PBXGroup;
			children = (
				A76C89BA2A9EA57A00E4F69A /* AppDelegate.swift */,
				A76C89BC2A9EA57A00E4F69A /* SceneDelegate.swift */,
			);
			path = General;
			sourceTree = "<group>";
		};
		A76C89DE2A9EA66000E4F69A /* Controllers */ = {
			isa = PBXGroup;
			children = (
				A76C89D22A9EA5CB00E4F69A /* TabBarController.swift */,
				A76C89D42A9EA5E600E4F69A /* MainViewController.swift */,
				A76C89D62A9EA5FB00E4F69A /* DetailViewController.swift */,
				A76C89D82A9EA61000E4F69A /* FavoriteViewController.swift */,
			);
			path = Controllers;
			sourceTree = "<group>";
		};
		A76C89DF2A9EA66700E4F69A /* Cells */ = {
			isa = PBXGroup;
			children = (
				A76C89E02A9EA67D00E4F69A /* PhotoCell.swift */,
			);
			path = Cells;
			sourceTree = "<group>";
		};
		A76C89E22A9EA69000E4F69A /* Custom */ = {
			isa = PBXGroup;
			children = (
				A76C89E32A9EA6C100E4F69A /* Item.swift */,
			);
			path = Custom;
			sourceTree = "<group>";
		};
		A76C89E52A9EA6E000E4F69A /* Extensions */ = {
			isa = PBXGroup;
			children = (
				A76C89C62A9EA57B00E4F69A /* Assets.xcassets */,
				A76C89C82A9EA57B00E4F69A /* LaunchScreen.storyboard */,
			);
			path = Extensions;
			sourceTree = "<group>";
		};
		A76C89E62A9EA70800E4F69A /* Networking */ = {
			isa = PBXGroup;
			children = (
				A76C89E72A9EA72100E4F69A /* NetworkService.swift */,
			);
			path = Networking;
			sourceTree = "<group>";
		};
		A76C89E92A9EA72E00E4F69A /* Models */ = {
			isa = PBXGroup;
			children = (
				A76C89C32A9EA57A00E4F69A /* PhotoViewer.xcdatamodeld */,
				A76C89EA2A9EA75D00E4F69A /* PhotoData.swift */,
			);
			path = Models;
			sourceTree = "<group>";
		};
/* End PBXGroup section */

/* Begin PBXNativeTarget section */
		A76C89B62A9EA57A00E4F69A /* PhotoViewer */ = {
			isa = PBXNativeTarget;
			buildConfigurationList = A76C89CE2A9EA57B00E4F69A /* Build configuration list for PBXNativeTarget "PhotoViewer" */;
			buildPhases = (
				A76C89B32A9EA57A00E4F69A /* Sources */,
				A76C89B42A9EA57A00E4F69A /* Frameworks */,
				A76C89B52A9EA57A00E4F69A /* Resources */,
			);
			buildRules = (
			);
			dependencies = (
			);
			name = PhotoViewer;
			packageProductDependencies = (
				A76C89DC2A9EA64100E4F69A /* Nuke */,
			);
			productName = PhotoViewer;
			productReference = A76C89B72A9EA57A00E4F69A /* PhotoViewer.app */;
			productType = "com.apple.product-type.application";
		};
/* End PBXNativeTarget section */

/* Begin PBXProject section */
		A76C89AF2A9EA57A00E4F69A /* Project object */ = {
			isa = PBXProject;
			attributes = {
				BuildIndependentTargetsInParallel = 1;
				LastSwiftUpdateCheck = 1430;
				LastUpgradeCheck = 1430;
				TargetAttributes = {
					A76C89B62A9EA57A00E4F69A = {
						CreatedOnToolsVersion = 14.3.1;
					};
				};
			};
			buildConfigurationList = A76C89B22A9EA57A00E4F69A /* Build configuration list for PBXProject "PhotoViewer" */;
			compatibilityVersion = "Xcode 14.0";
			developmentRegion = en;
			hasScannedForEncodings = 0;
			knownRegions = (
				en,
				Base,
			);
			mainGroup = A76C89AE2A9EA57A00E4F69A;
			packageReferences = (
				A76C89DB2A9EA64100E4F69A /* XCRemoteSwiftPackageReference "Nuke" */,
			);
			productRefGroup = A76C89B82A9EA57A00E4F69A /* Products */;
			projectDirPath = "";
			projectRoot = "";
			targets = (
				A76C89B62A9EA57A00E4F69A /* PhotoViewer */,
			);
		};
/* End PBXProject section */

/* Begin PBXResourcesBuildPhase section */
		A76C89B52A9EA57A00E4F69A /* Resources */ = {
			isa = PBXResourcesBuildPhase;
			buildActionMask = 2147483647;
			files = (
				A76C89CA2A9EA57B00E4F69A /* LaunchScreen.storyboard in Resources */,
				A76C89C72A9EA57B00E4F69A /* Assets.xcassets in Resources */,
			);
			runOnlyForDeploymentPostprocessing = 0;
		};
/* End PBXResourcesBuildPhase section */

/* Begin PBXSourcesBuildPhase section */
		A76C89B32A9EA57A00E4F69A /* Sources */ = {
			isa = PBXSourcesBuildPhase;
			buildActionMask = 2147483647;
			files = (
				A76C89E82A9EA72100E4F69A /* NetworkService.swift in Sources */,
				A76C89C52A9EA57A00E4F69A /* PhotoViewer.xcdatamodeld in Sources */,
				A76C89E42A9EA6C100E4F69A /* Item.swift in Sources */,
				A76C89BB2A9EA57A00E4F69A /* AppDelegate.swift in Sources */,
				A76C89D52A9EA5E600E4F69A /* MainViewController.swift in Sources */,
				A76C89D32A9EA5CB00E4F69A /* TabBarController.swift in Sources */,
				A76C89E12A9EA67D00E4F69A /* PhotoCell.swift in Sources */,
				A76C89EB2A9EA75D00E4F69A /* PhotoData.swift in Sources */,
				A76C89BD2A9EA57A00E4F69A /* SceneDelegate.swift in Sources */,
				A76C89D92A9EA61000E4F69A /* FavoriteViewController.swift in Sources */,
				A76C89D72A9EA5FB00E4F69A /* DetailViewController.swift in Sources */,
			);
			runOnlyForDeploymentPostprocessing = 0;
		};
/* End PBXSourcesBuildPhase section */

/* Begin PBXVariantGroup section */
		A76C89C82A9EA57B00E4F69A /* LaunchScreen.storyboard */ = {
			isa = PBXVariantGroup;
			children = (
				A76C89C92A9EA57B00E4F69A /* Base */,
			);
			name = LaunchScreen.storyboard;
			sourceTree = "<group>";
		};
/* End PBXVariantGroup section */

/* Begin XCBuildConfiguration section */
		A76C89CC2A9EA57B00E4F69A /* Debug */ = {
			isa = XCBuildConfiguration;
			buildSettings = {
				ALWAYS_SEARCH_USER_PATHS = NO;
				CLANG_ANALYZER_NONNULL = YES;
				CLANG_ANALYZER_NUMBER_OBJECT_CONVERSION = YES_AGGRESSIVE;
				CLANG_CXX_LANGUAGE_STANDARD = "gnu++20";
				CLANG_ENABLE_MODULES = YES;
				CLANG_ENABLE_OBJC_ARC = YES;
				CLANG_ENABLE_OBJC_WEAK = YES;
				CLANG_WARN_BLOCK_CAPTURE_AUTORELEASING = YES;
				CLANG_WARN_BOOL_CONVERSION = YES;
				CLANG_WARN_COMMA = YES;
				CLANG_WARN_CONSTANT_CONVERSION = YES;
				CLANG_WARN_DEPRECATED_OBJC_IMPLEMENTATIONS = YES;
				CLANG_WARN_DIRECT_OBJC_ISA_USAGE = YES_ERROR;
				CLANG_WARN_DOCUMENTATION_COMMENTS = YES;
				CLANG_WARN_EMPTY_BODY = YES;
				CLANG_WARN_ENUM_CONVERSION = YES;
				CLANG_WARN_INFINITE_RECURSION = YES;
				CLANG_WARN_INT_CONVERSION = YES;
				CLANG_WARN_NON_LITERAL_NULL_CONVERSION = YES;
				CLANG_WARN_OBJC_IMPLICIT_RETAIN_SELF = YES;
				CLANG_WARN_OBJC_LITERAL_CONVERSION = YES;
				CLANG_WARN_OBJC_ROOT_CLASS = YES_ERROR;
				CLANG_WARN_QUOTED_INCLUDE_IN_FRAMEWORK_HEADER = YES;
				CLANG_WARN_RANGE_LOOP_ANALYSIS = YES;
				CLANG_WARN_STRICT_PROTOTYPES = YES;
				CLANG_WARN_SUSPICIOUS_MOVE = YES;
				CLANG_WARN_UNGUARDED_AVAILABILITY = YES_AGGRESSIVE;
				CLANG_WARN_UNREACHABLE_CODE = YES;
				CLANG_WARN__DUPLICATE_METHOD_MATCH = YES;
				COPY_PHASE_STRIP = NO;
				DEBUG_INFORMATION_FORMAT = dwarf;
				ENABLE_STRICT_OBJC_MSGSEND = YES;
				ENABLE_TESTABILITY = YES;
				GCC_C_LANGUAGE_STANDARD = gnu11;
				GCC_DYNAMIC_NO_PIC = NO;
				GCC_NO_COMMON_BLOCKS = YES;
				GCC_OPTIMIZATION_LEVEL = 0;
				GCC_PREPROCESSOR_DEFINITIONS = (
					"DEBUG=1",
					"$(inherited)",
				);
				GCC_WARN_64_TO_32_BIT_CONVERSION = YES;
				GCC_WARN_ABOUT_RETURN_TYPE = YES_ERROR;
				GCC_WARN_UNDECLARED_SELECTOR = YES;
				GCC_WARN_UNINITIALIZED_AUTOS = YES_AGGRESSIVE;
				GCC_WARN_UNUSED_FUNCTION = YES;
				GCC_WARN_UNUSED_VARIABLE = YES;
				IPHONEOS_DEPLOYMENT_TARGET = 16.4;
				MTL_ENABLE_DEBUG_INFO = INCLUDE_SOURCE;
				MTL_FAST_MATH = YES;
				ONLY_ACTIVE_ARCH = YES;
				SDKROOT = iphoneos;
				SWIFT_ACTIVE_COMPILATION_CONDITIONS = DEBUG;
				SWIFT_OPTIMIZATION_LEVEL = "-Onone";
			};
			name = Debug;
		};
		A76C89CD2A9EA57B00E4F69A /* Release */ = {
			isa = XCBuildConfiguration;
			buildSettings = {
				ALWAYS_SEARCH_USER_PATHS = NO;
				CLANG_ANALYZER_NONNULL = YES;
				CLANG_ANALYZER_NUMBER_OBJECT_CONVERSION = YES_AGGRESSIVE;
				CLANG_CXX_LANGUAGE_STANDARD = "gnu++20";
				CLANG_ENABLE_MODULES = YES;
				CLANG_ENABLE_OBJC_ARC = YES;
				CLANG_ENABLE_OBJC_WEAK = YES;
				CLANG_WARN_BLOCK_CAPTURE_AUTORELEASING = YES;
				CLANG_WARN_BOOL_CONVERSION = YES;
				CLANG_WARN_COMMA = YES;
				CLANG_WARN_CONSTANT_CONVERSION = YES;
				CLANG_WARN_DEPRECATED_OBJC_IMPLEMENTATIONS = YES;
				CLANG_WARN_DIRECT_OBJC_ISA_USAGE = YES_ERROR;
				CLANG_WARN_DOCUMENTATION_COMMENTS = YES;
				CLANG_WARN_EMPTY_BODY = YES;
				CLANG_WARN_ENUM_CONVERSION = YES;
				CLANG_WARN_INFINITE_RECURSION = YES;
				CLANG_WARN_INT_CONVERSION = YES;
				CLANG_WARN_NON_LITERAL_NULL_CONVERSION = YES;
				CLANG_WARN_OBJC_IMPLICIT_RETAIN_SELF = YES;
				CLANG_WARN_OBJC_LITERAL_CONVERSION = YES;
				CLANG_WARN_OBJC_ROOT_CLASS = YES_ERROR;
				CLANG_WARN_QUOTED_INCLUDE_IN_FRAMEWORK_HEADER = YES;
				CLANG_WARN_RANGE_LOOP_ANALYSIS = YES;
				CLANG_WARN_STRICT_PROTOTYPES = YES;
				CLANG_WARN_SUSPICIOUS_MOVE = YES;
				CLANG_WARN_UNGUARDED_AVAILABILITY = YES_AGGRESSIVE;
				CLANG_WARN_UNREACHABLE_CODE = YES;
				CLANG_WARN__DUPLICATE_METHOD_MATCH = YES;
				COPY_PHASE_STRIP = NO;
				DEBUG_INFORMATION_FORMAT = "dwarf-with-dsym";
				ENABLE_NS_ASSERTIONS = NO;
				ENABLE_STRICT_OBJC_MSGSEND = YES;
				GCC_C_LANGUAGE_STANDARD = gnu11;
				GCC_NO_COMMON_BLOCKS = YES;
				GCC_WARN_64_TO_32_BIT_CONVERSION = YES;
				GCC_WARN_ABOUT_RETURN_TYPE = YES_ERROR;
				GCC_WARN_UNDECLARED_SELECTOR = YES;
				GCC_WARN_UNINITIALIZED_AUTOS = YES_AGGRESSIVE;
				GCC_WARN_UNUSED_FUNCTION = YES;
				GCC_WARN_UNUSED_VARIABLE = YES;
				IPHONEOS_DEPLOYMENT_TARGET = 16.4;
				MTL_ENABLE_DEBUG_INFO = NO;
				MTL_FAST_MATH = YES;
				SDKROOT = iphoneos;
				SWIFT_COMPILATION_MODE = wholemodule;
				SWIFT_OPTIMIZATION_LEVEL = "-O";
				VALIDATE_PRODUCT = YES;
			};
			name = Release;
		};
		A76C89CF2A9EA57B00E4F69A /* Debug */ = {
			isa = XCBuildConfiguration;
			buildSettings = {
				ASSETCATALOG_COMPILER_APPICON_NAME = AppIcon;
				ASSETCATALOG_COMPILER_GLOBAL_ACCENT_COLOR_NAME = AccentColor;
				CODE_SIGN_STYLE = Automatic;
				CURRENT_PROJECT_VERSION = 1;
				DEVELOPMENT_TEAM = NULFF73AXP;
				GENERATE_INFOPLIST_FILE = YES;
				INFOPLIST_FILE = PhotoViewer/Info.plist;
				INFOPLIST_KEY_UIApplicationSupportsIndirectInputEvents = YES;
				INFOPLIST_KEY_UILaunchStoryboardName = LaunchScreen;
				INFOPLIST_KEY_UIMainStoryboardFile = "";
				INFOPLIST_KEY_UISupportedInterfaceOrientations = UIInterfaceOrientationPortrait;
				INFOPLIST_KEY_UISupportedInterfaceOrientations_iPad = "UIInterfaceOrientationLandscapeLeft UIInterfaceOrientationLandscapeRight UIInterfaceOrientationPortrait UIInterfaceOrientationPortraitUpsideDown";
				LD_RUNPATH_SEARCH_PATHS = (
					"$(inherited)",
					"@executable_path/Frameworks",
				);
				MARKETING_VERSION = 1.0;
				PRODUCT_BUNDLE_IDENTIFIER = NikitaMakarevich.PhotoViewer;
				PRODUCT_NAME = "$(TARGET_NAME)";
				SWIFT_EMIT_LOC_STRINGS = YES;
				SWIFT_VERSION = 5.0;
				TARGETED_DEVICE_FAMILY = "1,2";
			};
			name = Debug;
		};
		A76C89D02A9EA57B00E4F69A /* Release */ = {
			isa = XCBuildConfiguration;
			buildSettings = {
				ASSETCATALOG_COMPILER_APPICON_NAME = AppIcon;
				ASSETCATALOG_COMPILER_GLOBAL_ACCENT_COLOR_NAME = AccentColor;
				CODE_SIGN_STYLE = Automatic;
				CURRENT_PROJECT_VERSION = 1;
				DEVELOPMENT_TEAM = NULFF73AXP;
				GENERATE_INFOPLIST_FILE = YES;
				INFOPLIST_FILE = PhotoViewer/Info.plist;
				INFOPLIST_KEY_UIApplicationSupportsIndirectInputEvents = YES;
				INFOPLIST_KEY_UILaunchStoryboardName = LaunchScreen;
				INFOPLIST_KEY_UIMainStoryboardFile = "";
				INFOPLIST_KEY_UISupportedInterfaceOrientations = UIInterfaceOrientationPortrait;
				INFOPLIST_KEY_UISupportedInterfaceOrientations_iPad = "UIInterfaceOrientationLandscapeLeft UIInterfaceOrientationLandscapeRight UIInterfaceOrientationPortrait UIInterfaceOrientationPortraitUpsideDown";
				LD_RUNPATH_SEARCH_PATHS = (
					"$(inherited)",
					"@executable_path/Frameworks",
				);
				MARKETING_VERSION = 1.0;
				PRODUCT_BUNDLE_IDENTIFIER = NikitaMakarevich.PhotoViewer;
				PRODUCT_NAME = "$(TARGET_NAME)";
				SWIFT_EMIT_LOC_STRINGS = YES;
				SWIFT_VERSION = 5.0;
				TARGETED_DEVICE_FAMILY = "1,2";
			};
			name = Release;
		};
/* End XCBuildConfiguration section */

/* Begin XCConfigurationList section */
		A76C89B22A9EA57A00E4F69A /* Build configuration list for PBXProject "PhotoViewer" */ = {
			isa = XCConfigurationList;
			buildConfigurations = (
				A76C89CC2A9EA57B00E4F69A /* Debug */,
				A76C89CD2A9EA57B00E4F69A /* Release */,
			);
			defaultConfigurationIsVisible = 0;
			defaultConfigurationName = Release;
		};
		A76C89CE2A9EA57B00E4F69A /* Build configuration list for PBXNativeTarget "PhotoViewer" */ = {
			isa = XCConfigurationList;
			buildConfigurations = (
				A76C89CF2A9EA57B00E4F69A /* Debug */,
				A76C89D02A9EA57B00E4F69A /* Release */,
			);
			defaultConfigurationIsVisible = 0;
			defaultConfigurationName = Release;
		};
/* End XCConfigurationList section */

/* Begin XCRemoteSwiftPackageReference section */
		A76C89DB2A9EA64100E4F69A /* XCRemoteSwiftPackageReference "Nuke" */ = {
			isa = XCRemoteSwiftPackageReference;
			repositoryURL = "https://github.com/kean/Nuke";
			requirement = {
				kind = exactVersion;
				version = 10.8.0;
			};
		};
/* End XCRemoteSwiftPackageReference section */

/* Begin XCSwiftPackageProductDependency section */
		A76C89DC2A9EA64100E4F69A /* Nuke */ = {
			isa = XCSwiftPackageProductDependency;
			package = A76C89DB2A9EA64100E4F69A /* XCRemoteSwiftPackageReference "Nuke" */;
			productName = Nuke;
		};
/* End XCSwiftPackageProductDependency section */

/* Begin XCVersionGroup section */
		A76C89C32A9EA57A00E4F69A /* PhotoViewer.xcdatamodeld */ = {
			isa = XCVersionGroup;
			children = (
				A76C89C42A9EA57A00E4F69A /* PhotoViewer.xcdatamodel */,
			);
			currentVersion = A76C89C42A9EA57A00E4F69A /* PhotoViewer.xcdatamodel */;
			path = PhotoViewer.xcdatamodeld;
			sourceTree = "<group>";
			versionGroupType = wrapper.xcdatamodel;
		};
/* End XCVersionGroup section */
	};
	rootObject = A76C89AF2A9EA57A00E4F69A /* Project object */;
}
